
Microsoft Visual Studio Solution File, Format Version 12.00
# Visual Studio Version 17
VisualStudioVersion = 17.8.34309.116
MinimumVisualStudioVersion = 10.0.40219.1
Project("{FAE04EC0-301F-11D3-BF4B-00C04F79EFBC}") = "ClixFelippeWidjaHugo", "ClixFelippeWidjaHugo.csproj", "{B93E6244-FDAB-40B4-95F3-8462545CBBE6}"
EndProject
Global
	GlobalSection(SolutionConfigurationPlatforms) = preSolution
		Debug|Any CPU = Debug|Any CPU
		Release|Any CPU = Release|Any CPU
	EndGlobalSection
	GlobalSection(ProjectConfigurationPlatforms) = postSolution
		{B93E6244-FDAB-40B4-95F3-8462545CBBE6}.Debug|Any CPU.ActiveCfg = Debug|Any CPU
		{B93E6244-FDAB-40B4-95F3-8462545CBBE6}.Debug|Any CPU.Build.0 = Debug|Any CPU
		{B93E6244-FDAB-40B4-95F3-8462545CBBE6}.Release|Any CPU.ActiveCfg = Release|Any CPU
		{B93E6244-FDAB-40B4-95F3-8462545CBBE6}.Release|Any CPU.Build.0 = Release|Any CPU
	EndGlobalSection
	GlobalSection(SolutionProperties) = preSolution
		HideSolutionNode = FALSE
	EndGlobalSection
	GlobalSection(ExtensibilityGlobals) = postSolution
		SolutionGuid = {AEC290B6-E254-4F61-98B2-BB2D4E07AA02}
	EndGlobalSection
EndGlobal
